Microsoft Visual Studio Solution File, Format Version 12.00
# Visual Studio Version 17
VisualStudioVersion = 17.5.2.0
MinimumVisualStudioVersion = 10.0.40219.1
Project("{FAE04EC0-301F-11D3-BF4B-00C04F79EFBC}") = "Enums", "Enums\Enums.csproj", "{A82BBD79-6E03-912E-1585-B26DEBE599B0}"
EndProject
Global
	GlobalSection(SolutionConfigurationPlatforms) = preSolution
		Debug|Any CPU = Debug|Any CPU
		Release|Any CPU = Release|Any CPU
	EndGlobalSection
	GlobalSection(ProjectConfigurationPlatforms) = postSolution
		{A82BBD79-6E03-912E-1585-B26DEBE599B0}.Debug|Any CPU.ActiveCfg = Debug|Any CPU
		{A82BBD79-6E03-912E-1585-B26DEBE599B0}.Debug|Any CPU.Build.0 = Debug|Any CPU
		{A82BBD79-6E03-912E-1585-B26DEBE599B0}.Release|Any CPU.ActiveCfg = Release|Any CPU
		{A82BBD79-6E03-912E-1585-B26DEBE599B0}.Release|Any CPU.Build.0 = Release|Any CPU
	EndGlobalSection
	GlobalSection(SolutionProperties) = preSolution
		HideSolutionNode = FALSE
	EndGlobalSection
	GlobalSection(ExtensibilityGlobals) = postSolution
		SolutionGuid = {1CC83CD7-E617-4F9A-905D-2C2C19CB643E}
	EndGlobalSection
EndGlobal
