Microsoft Visual Studio Solution File, Format Version 12.00
# Visual Studio Version 17
VisualStudioVersion = 17.5.2.0
MinimumVisualStudioVersion = 10.0.40219.1
Project("{FAE04EC0-301F-11D3-BF4B-00C04F79EFBC}") = "Composition", "Composition.csproj", "{CDEE8B1C-4A1F-F7F2-BC71-0C41BA21FD6C}"
EndProject
Global
	GlobalSection(SolutionConfigurationPlatforms) = preSolution
		Debug|Any CPU = Debug|Any CPU
		Release|Any CPU = Release|Any CPU
	EndGlobalSection
	GlobalSection(ProjectConfigurationPlatforms) = postSolution
		{CDEE8B1C-4A1F-F7F2-BC71-0C41BA21FD6C}.Debug|Any CPU.ActiveCfg = Debug|Any CPU
		{CDEE8B1C-4A1F-F7F2-BC71-0C41BA21FD6C}.Debug|Any CPU.Build.0 = Debug|Any CPU
		{CDEE8B1C-4A1F-F7F2-BC71-0C41BA21FD6C}.Release|Any CPU.ActiveCfg = Release|Any CPU
		{CDEE8B1C-4A1F-F7F2-BC71-0C41BA21FD6C}.Release|Any CPU.Build.0 = Release|Any CPU
	EndGlobalSection
	GlobalSection(SolutionProperties) = preSolution
		HideSolutionNode = FALSE
	EndGlobalSection
	GlobalSection(ExtensibilityGlobals) = postSolution
		SolutionGuid = {10D88BA2-8DD9-489C-AC54-32D721ABB827}
	EndGlobalSection
EndGlobal
